
Microsoft Visual Studio Solution File, Format Version 12.00
# Visual Studio 14
VisualStudioVersion = 14.0.25420.1
MinimumVisualStudioVersion = 10.0.40219.1
Project("{D954291E-2A0B-460D-934E-DC6B0785DB48}") = "MedTexterApp", "MedTexterApp\MedTexterApp\MedTexterApp.shproj", "{01A0A841-23A7-4696-BC9E-8EA2271FAEEB}"
EndProject
Project("{FAE04EC0-301F-11D3-BF4B-00C04F79EFBC}") = "MedTexterApp.Droid", "MedTexterApp\MedTexterApp.Droid\MedTexterApp.Droid.csproj", "{9D1C80E8-C7D9-42D8-B6E4-2D4928A50482}"
EndProject
Project("{FAE04EC0-301F-11D3-BF4B-00C04F79EFBC}") = "MedTexterApp.iOS", "MedTexterApp\MedTexterApp.iOS\MedTexterApp.iOS.csproj", "{933F5AEB-5290-4550-84F6-52368839F7BB}"
EndProject
Project("{FAE04EC0-301F-11D3-BF4B-00C04F79EFBC}") = "MedTexterApp.WinPhone", "MedTexterApp\MedTexterApp.WinPhone\MedTexterApp.WinPhone.csproj", "{FA592BBB-B525-4F5B-8A27-97A5A54A0BEB}"
EndProject
Project("{FAE04EC0-301F-11D3-BF4B-00C04F79EFBC}") = "MedTexterApp.Windows", "MedTexterApp\MedTexterApp.Windows\MedTexterApp.Windows.csproj", "{19FA841C-F7B5-4B36-B53D-5C14E61D89B4}"
EndProject
Global
	GlobalSection(SharedMSBuildProjectFiles) = preSolution
		MedTexterApp\MedTexterApp\MedTexterApp.projitems*{01a0a841-23a7-4696-bc9e-8ea2271faeeb}*SharedItemsImports = 13
		MedTexterApp\MedTexterApp\MedTexterApp.projitems*{933f5aeb-5290-4550-84f6-52368839f7bb}*SharedItemsImports = 4
		MedTexterApp\MedTexterApp\MedTexterApp.projitems*{9d1c80e8-c7d9-42d8-b6e4-2d4928a50482}*SharedItemsImports = 4
	EndGlobalSection
	GlobalSection(SolutionConfigurationPlatforms) = preSolution
		Ad-Hoc|Any CPU = Ad-Hoc|Any CPU
		Ad-Hoc|ARM = Ad-Hoc|ARM
		Ad-Hoc|iPhone = Ad-Hoc|iPhone
		Ad-Hoc|iPhoneSimulator = Ad-Hoc|iPhoneSimulator
		Ad-Hoc|x64 = Ad-Hoc|x64
		Ad-Hoc|x86 = Ad-Hoc|x86
		AppStore|Any CPU = AppStore|Any CPU
		AppStore|ARM = AppStore|ARM
		AppStore|iPhone = AppStore|iPhone
		AppStore|iPhoneSimulator = AppStore|iPhoneSimulator
		AppStore|x64 = AppStore|x64
		AppStore|x86 = AppStore|x86
		Debug|Any CPU = Debug|Any CPU
		Debug|ARM = Debug|ARM
		Debug|iPhone = Debug|iPhone
		Debug|iPhoneSimulator = Debug|iPhoneSimulator
		Debug|x64 = Debug|x64
		Debug|x86 = Debug|x86
		Release|Any CPU = Release|Any CPU
		Release|ARM = Release|ARM
		Release|iPhone = Release|iPhone
		Release|iPhoneSimulator = Release|iPhoneSimulator
		Release|x64 = Release|x64
		Release|x86 = Release|x86
	EndGlobalSection
	GlobalSection(ProjectConfigurationPlatforms) = postSolution
		{9D1C80E8-C7D9-42D8-B6E4-2D4928A50482}.Ad-Hoc|Any CPU.ActiveCfg = Release|Any CPU
		{9D1C80E8-C7D9-42D8-B6E4-2D4928A50482}.Ad-Hoc|Any CPU.Build.0 = Release|Any CPU
		{9D1C80E8-C7D9-42D8-B6E4-2D4928A50482}.Ad-Hoc|Any CPU.Deploy.0 = Release|Any CPU
		{9D1C80E8-C7D9-42D8-B6E4-2D4928A50482}.Ad-Hoc|ARM.ActiveCfg = Release|Any CPU
		{9D1C80E8-C7D9-42D8-B6E4-2D4928A50482}.Ad-Hoc|ARM.Build.0 = Release|Any CPU
		{9D1C80E8-C7D9-42D8-B6E4-2D4928A50482}.Ad-Hoc|ARM.Deploy.0 = Release|Any CPU
		{9D1C80E8-C7D9-42D8-B6E4-2D4928A50482}.Ad-Hoc|iPhone.ActiveCfg = Release|Any CPU
		{9D1C80E8-C7D9-42D8-B6E4-2D4928A50482}.Ad-Hoc|iPhone.Build.0 = Release|Any CPU
		{9D1C80E8-C7D9-42D8-B6E4-2D4928A50482}.Ad-Hoc|iPhone.Deploy.0 = Release|Any CPU
		{9D1C80E8-C7D9-42D8-B6E4-2D4928A50482}.Ad-Hoc|iPhoneSimulator.ActiveCfg = Release|Any CPU
		{9D1C80E8-C7D9-42D8-B6E4-2D4928A50482}.Ad-Hoc|iPhoneSimulator.Build.0 = Release|Any CPU
		{9D1C80E8-C7D9-42D8-B6E4-2D4928A50482}.Ad-Hoc|iPhoneSimulator.Deploy.0 = Release|Any CPU
		{9D1C80E8-C7D9-42D8-B6E4-2D4928A50482}.Ad-Hoc|x64.ActiveCfg = Release|Any CPU
		{9D1C80E8-C7D9-42D8-B6E4-2D4928A50482}.Ad-Hoc|x64.Build.0 = Release|Any CPU
		{9D1C80E8-C7D9-42D8-B6E4-2D4928A50482}.Ad-Hoc|x64.Deploy.0 = Release|Any CPU
		{9D1C80E8-C7D9-42D8-B6E4-2D4928A50482}.Ad-Hoc|x86.ActiveCfg = Release|Any CPU
		{9D1C80E8-C7D9-42D8-B6E4-2D4928A50482}.Ad-Hoc|x86.Build.0 = Release|Any CPU
		{9D1C80E8-C7D9-42D8-B6E4-2D4928A50482}.Ad-Hoc|x86.Deploy.0 = Release|Any CPU
		{9D1C80E8-C7D9-42D8-B6E4-2D4928A50482}.AppStore|Any CPU.ActiveCfg = Release|Any CPU
		{9D1C80E8-C7D9-42D8-B6E4-2D4928A50482}.AppStore|Any CPU.Build.0 = Release|Any CPU
		{9D1C80E8-C7D9-42D8-B6E4-2D4928A50482}.AppStore|Any CPU.Deploy.0 = Release|Any CPU
		{9D1C80E8-C7D9-42D8-B6E4-2D4928A50482}.AppStore|ARM.ActiveCfg = Release|Any CPU
		{9D1C80E8-C7D9-42D8-B6E4-2D4928A50482}.AppStore|ARM.Build.0 = Release|Any CPU
		{9D1C80E8-C7D9-42D8-B6E4-2D4928A50482}.AppStore|ARM.Deploy.0 = Release|Any CPU
		{9D1C80E8-C7D9-42D8-B6E4-2D4928A50482}.AppStore|iPhone.ActiveCfg = Release|Any CPU
		{9D1C80E8-C7D9-42D8-B6E4-2D4928A50482}.AppStore|iPhone.Build.0 = Release|Any CPU
		{9D1C80E8-C7D9-42D8-B6E4-2D4928A50482}.AppStore|iPhone.Deploy.0 = Release|Any CPU
		{9D1C80E8-C7D9-42D8-B6E4-2D4928A50482}.AppStore|iPhoneSimulator.ActiveCfg = Release|Any CPU
		{9D1C80E8-C7D9-42D8-B6E4-2D4928A50482}.AppStore|iPhoneSimulator.Build.0 = Release|Any CPU
		{9D1C80E8-C7D9-42D8-B6E4-2D4928A50482}.AppStore|iPhoneSimulator.Deploy.0 = Release|Any CPU
		{9D1C80E8-C7D9-42D8-B6E4-2D4928A50482}.AppStore|x64.ActiveCfg = Release|Any CPU
		{9D1C80E8-C7D9-42D8-B6E4-2D4928A50482}.AppStore|x64.Build.0 = Release|Any CPU
		{9D1C80E8-C7D9-42D8-B6E4-2D4928A50482}.AppStore|x64.Deploy.0 = Release|Any CPU
		{9D1C80E8-C7D9-42D8-B6E4-2D4928A50482}.AppStore|x86.ActiveCfg = Release|Any CPU
		{9D1C80E8-C7D9-42D8-B6E4-2D4928A50482}.AppStore|x86.Build.0 = Release|Any CPU
		{9D1C80E8-C7D9-42D8-B6E4-2D4928A50482}.AppStore|x86.Deploy.0 = Release|Any CPU
		{9D1C80E8-C7D9-42D8-B6E4-2D4928A50482}.Debug|Any CPU.ActiveCfg = Debug|Any CPU
		{9D1C80E8-C7D9-42D8-B6E4-2D4928A50482}.Debug|Any CPU.Build.0 = Debug|Any CPU
		{9D1C80E8-C7D9-42D8-B6E4-2D4928A50482}.Debug|Any CPU.Deploy.0 = Debug|Any CPU
		{9D1C80E8-C7D9-42D8-B6E4-2D4928A50482}.Debug|ARM.ActiveCfg = Debug|Any CPU
		{9D1C80E8-C7D9-42D8-B6E4-2D4928A50482}.Debug|ARM.Build.0 = Debug|Any CPU
		{9D1C80E8-C7D9-42D8-B6E4-2D4928A50482}.Debug|ARM.Deploy.0 = Debug|Any CPU
		{9D1C80E8-C7D9-42D8-B6E4-2D4928A50482}.Debug|iPhone.ActiveCfg = Debug|Any CPU
		{9D1C80E8-C7D9-42D8-B6E4-2D4928A50482}.Debug|iPhone.Build.0 = Debug|Any CPU
		{9D1C80E8-C7D9-42D8-B6E4-2D4928A50482}.Debug|iPhone.Deploy.0 = Debug|Any CPU
		{9D1C80E8-C7D9-42D8-B6E4-2D4928A50482}.Debug|iPhoneSimulator.ActiveCfg = Debug|Any CPU
		{9D1C80E8-C7D9-42D8-B6E4-2D4928A50482}.Debug|iPhoneSimulator.Build.0 = Debug|Any CPU
		{9D1C80E8-C7D9-42D8-B6E4-2D4928A50482}.Debug|iPhoneSimulator.Deploy.0 = Debug|Any CPU
		{9D1C80E8-C7D9-42D8-B6E4-2D4928A50482}.Debug|x64.ActiveCfg = Debug|Any CPU
		{9D1C80E8-C7D9-42D8-B6E4-2D4928A50482}.Debug|x64.Build.0 = Debug|Any CPU
		{9D1C80E8-C7D9-42D8-B6E4-2D4928A50482}.Debug|x64.Deploy.0 = Debug|Any CPU
		{9D1C80E8-C7D9-42D8-B6E4-2D4928A50482}.Debug|x86.ActiveCfg = Debug|Any CPU
		{9D1C80E8-C7D9-42D8-B6E4-2D4928A50482}.Debug|x86.Build.0 = Debug|Any CPU
		{9D1C80E8-C7D9-42D8-B6E4-2D4928A50482}.Debug|x86.Deploy.0 = Debug|Any CPU
		{9D1C80E8-C7D9-42D8-B6E4-2D4928A50482}.Release|Any CPU.ActiveCfg = Release|Any CPU
		{9D1C80E8-C7D9-42D8-B6E4-2D4928A50482}.Release|Any CPU.Build.0 = Release|Any CPU
		{9D1C80E8-C7D9-42D8-B6E4-2D4928A50482}.Release|Any CPU.Deploy.0 = Release|Any CPU
		{9D1C80E8-C7D9-42D8-B6E4-2D4928A50482}.Release|ARM.ActiveCfg = Release|Any CPU
		{9D1C80E8-C7D9-42D8-B6E4-2D4928A50482}.Release|ARM.Build.0 = Release|Any CPU
		{9D1C80E8-C7D9-42D8-B6E4-2D4928A50482}.Release|ARM.Deploy.0 = Release|Any CPU
		{9D1C80E8-C7D9-42D8-B6E4-2D4928A50482}.Release|iPhone.ActiveCfg = Release|Any CPU
		{9D1C80E8-C7D9-42D8-B6E4-2D4928A50482}.Release|iPhone.Build.0 = Release|Any CPU
		{9D1C80E8-C7D9-42D8-B6E4-2D4928A50482}.Release|iPhone.Deploy.0 = Release|Any CPU
		{9D1C80E8-C7D9-42D8-B6E4-2D4928A50482}.Release|iPhoneSimulator.ActiveCfg = Release|Any CPU
		{9D1C80E8-C7D9-42D8-B6E4-2D4928A50482}.Release|iPhoneSimulator.Build.0 = Release|Any CPU
		{9D1C80E8-C7D9-42D8-B6E4-2D4928A50482}.Release|iPhoneSimulator.Deploy.0 = Release|Any CPU
		{9D1C80E8-C7D9-42D8-B6E4-2D4928A50482}.Release|x64.ActiveCfg = Release|Any CPU
		{9D1C80E8-C7D9-42D8-B6E4-2D4928A50482}.Release|x64.Build.0 = Release|Any CPU
		{9D1C80E8-C7D9-42D8-B6E4-2D4928A50482}.Release|x64.Deploy.0 = Release|Any CPU
		{9D1C80E8-C7D9-42D8-B6E4-2D4928A50482}.Release|x86.ActiveCfg = Release|Any CPU
		{9D1C80E8-C7D9-42D8-B6E4-2D4928A50482}.Release|x86.Build.0 = Release|Any CPU
		{9D1C80E8-C7D9-42D8-B6E4-2D4928A50482}.Release|x86.Deploy.0 = Release|Any CPU
		{933F5AEB-5290-4550-84F6-52368839F7BB}.Ad-Hoc|Any CPU.ActiveCfg = Ad-Hoc|iPhone
		{933F5AEB-5290-4550-84F6-52368839F7BB}.Ad-Hoc|ARM.ActiveCfg = Ad-Hoc|iPhone
		{933F5AEB-5290-4550-84F6-52368839F7BB}.Ad-Hoc|iPhone.ActiveCfg = Ad-Hoc|iPhone
		{933F5AEB-5290-4550-84F6-52368839F7BB}.Ad-Hoc|iPhone.Build.0 = Ad-Hoc|iPhone
		{933F5AEB-5290-4550-84F6-52368839F7BB}.Ad-Hoc|iPhoneSimulator.ActiveCfg = Ad-Hoc|iPhoneSimulator
		{933F5AEB-5290-4550-84F6-52368839F7BB}.Ad-Hoc|iPhoneSimulator.Build.0 = Ad-Hoc|iPhoneSimulator
		{933F5AEB-5290-4550-84F6-52368839F7BB}.Ad-Hoc|x64.ActiveCfg = Ad-Hoc|iPhone
		{933F5AEB-5290-4550-84F6-52368839F7BB}.Ad-Hoc|x86.ActiveCfg = Ad-Hoc|iPhone
		{933F5AEB-5290-4550-84F6-52368839F7BB}.AppStore|Any CPU.ActiveCfg = AppStore|iPhone
		{933F5AEB-5290-4550-84F6-52368839F7BB}.AppStore|ARM.ActiveCfg = AppStore|iPhone
		{933F5AEB-5290-4550-84F6-52368839F7BB}.AppStore|iPhone.ActiveCfg = AppStore|iPhone
		{933F5AEB-5290-4550-84F6-52368839F7BB}.AppStore|iPhone.Build.0 = AppStore|iPhone
		{933F5AEB-5290-4550-84F6-52368839F7BB}.AppStore|iPhoneSimulator.ActiveCfg = AppStore|iPhoneSimulator
		{933F5AEB-5290-4550-84F6-52368839F7BB}.AppStore|iPhoneSimulator.Build.0 = AppStore|iPhoneSimulator
		{933F5AEB-5290-4550-84F6-52368839F7BB}.AppStore|x64.ActiveCfg = AppStore|iPhone
		{933F5AEB-5290-4550-84F6-52368839F7BB}.AppStore|x86.ActiveCfg = AppStore|iPhone
		{933F5AEB-5290-4550-84F6-52368839F7BB}.Debug|Any CPU.ActiveCfg = Debug|iPhone
		{933F5AEB-5290-4550-84F6-52368839F7BB}.Debug|ARM.ActiveCfg = Debug|iPhone
		{933F5AEB-5290-4550-84F6-52368839F7BB}.Debug|iPhone.ActiveCfg = Debug|iPhone
		{933F5AEB-5290-4550-84F6-52368839F7BB}.Debug|iPhone.Build.0 = Debug|iPhone
		{933F5AEB-5290-4550-84F6-52368839F7BB}.Debug|iPhoneSimulator.ActiveCfg = Debug|iPhoneSimulator
		{933F5AEB-5290-4550-84F6-52368839F7BB}.Debug|iPhoneSimulator.Build.0 = Debug|iPhoneSimulator
		{933F5AEB-5290-4550-84F6-52368839F7BB}.Debug|x64.ActiveCfg = Debug|iPhone
		{933F5AEB-5290-4550-84F6-52368839F7BB}.Debug|x86.ActiveCfg = Debug|iPhone
		{933F5AEB-5290-4550-84F6-52368839F7BB}.Release|Any CPU.ActiveCfg = Release|iPhone
		{933F5AEB-5290-4550-84F6-52368839F7BB}.Release|ARM.ActiveCfg = Release|iPhone
		{933F5AEB-5290-4550-84F6-52368839F7BB}.Release|iPhone.ActiveCfg = Release|iPhone
		{933F5AEB-5290-4550-84F6-52368839F7BB}.Release|iPhone.Build.0 = Release|iPhone
		{933F5AEB-5290-4550-84F6-52368839F7BB}.Release|iPhoneSimulator.ActiveCfg = Release|iPhoneSimulator
		{933F5AEB-5290-4550-84F6-52368839F7BB}.Release|iPhoneSimulator.Build.0 = Release|iPhoneSimulator
		{933F5AEB-5290-4550-84F6-52368839F7BB}.Release|x64.ActiveCfg = Release|iPhone
		{933F5AEB-5290-4550-84F6-52368839F7BB}.Release|x86.ActiveCfg = Release|iPhone
		{FA592BBB-B525-4F5B-8A27-97A5A54A0BEB}.Ad-Hoc|Any CPU.ActiveCfg = Release|Any CPU
		{FA592BBB-B525-4F5B-8A27-97A5A54A0BEB}.Ad-Hoc|Any CPU.Build.0 = Release|Any CPU
		{FA592BBB-B525-4F5B-8A27-97A5A54A0BEB}.Ad-Hoc|Any CPU.Deploy.0 = Release|Any CPU
		{FA592BBB-B525-4F5B-8A27-97A5A54A0BEB}.Ad-Hoc|ARM.ActiveCfg = Release|ARM
		{FA592BBB-B525-4F5B-8A27-97A5A54A0BEB}.Ad-Hoc|ARM.Build.0 = Release|ARM
		{FA592BBB-B525-4F5B-8A27-97A5A54A0BEB}.Ad-Hoc|ARM.Deploy.0 = Release|ARM
		{FA592BBB-B525-4F5B-8A27-97A5A54A0BEB}.Ad-Hoc|iPhone.ActiveCfg = Release|Any CPU
		{FA592BBB-B525-4F5B-8A27-97A5A54A0BEB}.Ad-Hoc|iPhone.Build.0 = Release|Any CPU
		{FA592BBB-B525-4F5B-8A27-97A5A54A0BEB}.Ad-Hoc|iPhone.Deploy.0 = Release|Any CPU
		{FA592BBB-B525-4F5B-8A27-97A5A54A0BEB}.Ad-Hoc|iPhoneSimulator.ActiveCfg = Release|Any CPU
		{FA592BBB-B525-4F5B-8A27-97A5A54A0BEB}.Ad-Hoc|iPhoneSimulator.Build.0 = Release|Any CPU
		{FA592BBB-B525-4F5B-8A27-97A5A54A0BEB}.Ad-Hoc|iPhoneSimulator.Deploy.0 = Release|Any CPU
		{FA592BBB-B525-4F5B-8A27-97A5A54A0BEB}.Ad-Hoc|x64.ActiveCfg = Release|Any CPU
		{FA592BBB-B525-4F5B-8A27-97A5A54A0BEB}.Ad-Hoc|x64.Build.0 = Release|Any CPU
		{FA592BBB-B525-4F5B-8A27-97A5A54A0BEB}.Ad-Hoc|x64.Deploy.0 = Release|Any CPU
		{FA592BBB-B525-4F5B-8A27-97A5A54A0BEB}.Ad-Hoc|x86.ActiveCfg = Release|x86
		{FA592BBB-B525-4F5B-8A27-97A5A54A0BEB}.Ad-Hoc|x86.Build.0 = Release|x86
		{FA592BBB-B525-4F5B-8A27-97A5A54A0BEB}.Ad-Hoc|x86.Deploy.0 = Release|x86
		{FA592BBB-B525-4F5B-8A27-97A5A54A0BEB}.AppStore|Any CPU.ActiveCfg = Release|Any CPU
		{FA592BBB-B525-4F5B-8A27-97A5A54A0BEB}.AppStore|Any CPU.Build.0 = Release|Any CPU
		{FA592BBB-B525-4F5B-8A27-97A5A54A0BEB}.AppStore|Any CPU.Deploy.0 = Release|Any CPU
		{FA592BBB-B525-4F5B-8A27-97A5A54A0BEB}.AppStore|ARM.ActiveCfg = Release|ARM
		{FA592BBB-B525-4F5B-8A27-97A5A54A0BEB}.AppStore|ARM.Build.0 = Release|ARM
		{FA592BBB-B525-4F5B-8A27-97A5A54A0BEB}.AppStore|ARM.Deploy.0 = Release|ARM
		{FA592BBB-B525-4F5B-8A27-97A5A54A0BEB}.AppStore|iPhone.ActiveCfg = Release|Any CPU
		{FA592BBB-B525-4F5B-8A27-97A5A54A0BEB}.AppStore|iPhone.Build.0 = Release|Any CPU
		{FA592BBB-B525-4F5B-8A27-97A5A54A0BEB}.AppStore|iPhone.Deploy.0 = Release|Any CPU
		{FA592BBB-B525-4F5B-8A27-97A5A54A0BEB}.AppStore|iPhoneSimulator.ActiveCfg = Release|Any CPU
		{FA592BBB-B525-4F5B-8A27-97A5A54A0BEB}.AppStore|iPhoneSimulator.Build.0 = Release|Any CPU
		{FA592BBB-B525-4F5B-8A27-97A5A54A0BEB}.AppStore|iPhoneSimulator.Deploy.0 = Release|Any CPU
		{FA592BBB-B525-4F5B-8A27-97A5A54A0BEB}.AppStore|x64.ActiveCfg = Release|Any CPU
		{FA592BBB-B525-4F5B-8A27-97A5A54A0BEB}.AppStore|x64.Build.0 = Release|Any CPU
		{FA592BBB-B525-4F5B-8A27-97A5A54A0BEB}.AppStore|x64.Deploy.0 = Release|Any CPU
		{FA592BBB-B525-4F5B-8A27-97A5A54A0BEB}.AppStore|x86.ActiveCfg = Release|x86
		{FA592BBB-B525-4F5B-8A27-97A5A54A0BEB}.AppStore|x86.Build.0 = Release|x86
		{FA592BBB-B525-4F5B-8A27-97A5A54A0BEB}.AppStore|x86.Deploy.0 = Release|x86
		{FA592BBB-B525-4F5B-8A27-97A5A54A0BEB}.Debug|Any CPU.ActiveCfg = Debug|Any CPU
		{FA592BBB-B525-4F5B-8A27-97A5A54A0BEB}.Debug|Any CPU.Build.0 = Debug|Any CPU
		{FA592BBB-B525-4F5B-8A27-97A5A54A0BEB}.Debug|Any CPU.Deploy.0 = Debug|Any CPU
		{FA592BBB-B525-4F5B-8A27-97A5A54A0BEB}.Debug|ARM.ActiveCfg = Debug|ARM
		{FA592BBB-B525-4F5B-8A27-97A5A54A0BEB}.Debug|ARM.Build.0 = Debug|ARM
		{FA592BBB-B525-4F5B-8A27-97A5A54A0BEB}.Debug|ARM.Deploy.0 = Debug|ARM
		{FA592BBB-B525-4F5B-8A27-97A5A54A0BEB}.Debug|iPhone.ActiveCfg = Debug|Any CPU
		{FA592BBB-B525-4F5B-8A27-97A5A54A0BEB}.Debug|iPhone.Build.0 = Debug|Any CPU
		{FA592BBB-B525-4F5B-8A27-97A5A54A0BEB}.Debug|iPhone.Deploy.0 = Debug|Any CPU
		{FA592BBB-B525-4F5B-8A27-97A5A54A0BEB}.Debug|iPhoneSimulator.ActiveCfg = Debug|Any CPU
		{FA592BBB-B525-4F5B-8A27-97A5A54A0BEB}.Debug|iPhoneSimulator.Build.0 = Debug|Any CPU
		{FA592BBB-B525-4F5B-8A27-97A5A54A0BEB}.Debug|iPhoneSimulator.Deploy.0 = Debug|Any CPU
		{FA592BBB-B525-4F5B-8A27-97A5A54A0BEB}.Debug|x64.ActiveCfg = Debug|Any CPU
		{FA592BBB-B525-4F5B-8A27-97A5A54A0BEB}.Debug|x64.Build.0 = Debug|Any CPU
		{FA592BBB-B525-4F5B-8A27-97A5A54A0BEB}.Debug|x64.Deploy.0 = Debug|Any CPU
		{FA592BBB-B525-4F5B-8A27-97A5A54A0BEB}.Debug|x86.ActiveCfg = Debug|x86
		{FA592BBB-B525-4F5B-8A27-97A5A54A0BEB}.Debug|x86.Build.0 = Debug|x86
		{FA592BBB-B525-4F5B-8A27-97A5A54A0BEB}.Debug|x86.Deploy.0 = Debug|x86
		{FA592BBB-B525-4F5B-8A27-97A5A54A0BEB}.Release|Any CPU.ActiveCfg = Release|Any CPU
		{FA592BBB-B525-4F5B-8A27-97A5A54A0BEB}.Release|Any CPU.Build.0 = Release|Any CPU
		{FA592BBB-B525-4F5B-8A27-97A5A54A0BEB}.Release|Any CPU.Deploy.0 = Release|Any CPU
		{FA592BBB-B525-4F5B-8A27-97A5A54A0BEB}.Release|ARM.ActiveCfg = Release|ARM
		{FA592BBB-B525-4F5B-8A27-97A5A54A0BEB}.Release|ARM.Build.0 = Release|ARM
		{FA592BBB-B525-4F5B-8A27-97A5A54A0BEB}.Release|ARM.Deploy.0 = Release|ARM
		{FA592BBB-B525-4F5B-8A27-97A5A54A0BEB}.Release|iPhone.ActiveCfg = Release|Any CPU
		{FA592BBB-B525-4F5B-8A27-97A5A54A0BEB}.Release|iPhone.Build.0 = Release|Any CPU
		{FA592BBB-B525-4F5B-8A27-97A5A54A0BEB}.Release|iPhone.Deploy.0 = Release|Any CPU
		{FA592BBB-B525-4F5B-8A27-97A5A54A0BEB}.Release|iPhoneSimulator.ActiveCfg = Release|Any CPU
		{FA592BBB-B525-4F5B-8A27-97A5A54A0BEB}.Release|iPhoneSimulator.Build.0 = Release|Any CPU
		{FA592BBB-B525-4F5B-8A27-97A5A54A0BEB}.Release|iPhoneSimulator.Deploy.0 = Release|Any CPU
		{FA592BBB-B525-4F5B-8A27-97A5A54A0BEB}.Release|x64.ActiveCfg = Release|Any CPU
		{FA592BBB-B525-4F5B-8A27-97A5A54A0BEB}.Release|x64.Build.0 = Release|Any CPU
		{FA592BBB-B525-4F5B-8A27-97A5A54A0BEB}.Release|x64.Deploy.0 = Release|Any CPU
		{FA592BBB-B525-4F5B-8A27-97A5A54A0BEB}.Release|x86.ActiveCfg = Release|x86
		{FA592BBB-B525-4F5B-8A27-97A5A54A0BEB}.Release|x86.Build.0 = Release|x86
		{FA592BBB-B525-4F5B-8A27-97A5A54A0BEB}.Release|x86.Deploy.0 = Release|x86
		{19FA841C-F7B5-4B36-B53D-5C14E61D89B4}.Ad-Hoc|Any CPU.ActiveCfg = Release|Any CPU
		{19FA841C-F7B5-4B36-B53D-5C14E61D89B4}.Ad-Hoc|Any CPU.Build.0 = Release|Any CPU
		{19FA841C-F7B5-4B36-B53D-5C14E61D89B4}.Ad-Hoc|Any CPU.Deploy.0 = Release|Any CPU
		{19FA841C-F7B5-4B36-B53D-5C14E61D89B4}.Ad-Hoc|ARM.ActiveCfg = Release|ARM
		{19FA841C-F7B5-4B36-B53D-5C14E61D89B4}.Ad-Hoc|ARM.Build.0 = Release|ARM
		{19FA841C-F7B5-4B36-B53D-5C14E61D89B4}.Ad-Hoc|ARM.Deploy.0 = Release|ARM
		{19FA841C-F7B5-4B36-B53D-5C14E61D89B4}.Ad-Hoc|iPhone.ActiveCfg = Release|Any CPU
		{19FA841C-F7B5-4B36-B53D-5C14E61D89B4}.Ad-Hoc|iPhone.Build.0 = Release|Any CPU
		{19FA841C-F7B5-4B36-B53D-5C14E61D89B4}.Ad-Hoc|iPhone.Deploy.0 = Release|Any CPU
		{19FA841C-F7B5-4B36-B53D-5C14E61D89B4}.Ad-Hoc|iPhoneSimulator.ActiveCfg = Release|Any CPU
		{19FA841C-F7B5-4B36-B53D-5C14E61D89B4}.Ad-Hoc|iPhoneSimulator.Build.0 = Release|Any CPU
		{19FA841C-F7B5-4B36-B53D-5C14E61D89B4}.Ad-Hoc|iPhoneSimulator.Deploy.0 = Release|Any CPU
		{19FA841C-F7B5-4B36-B53D-5C14E61D89B4}.Ad-Hoc|x64.ActiveCfg = Release|x64
		{19FA841C-F7B5-4B36-B53D-5C14E61D89B4}.Ad-Hoc|x64.Build.0 = Release|x64
		{19FA841C-F7B5-4B36-B53D-5C14E61D89B4}.Ad-Hoc|x64.Deploy.0 = Release|x64
		{19FA841C-F7B5-4B36-B53D-5C14E61D89B4}.Ad-Hoc|x86.ActiveCfg = Release|x86
		{19FA841C-F7B5-4B36-B53D-5C14E61D89B4}.Ad-Hoc|x86.Build.0 = Release|x86
		{19FA841C-F7B5-4B36-B53D-5C14E61D89B4}.Ad-Hoc|x86.Deploy.0 = Release|x86
		{19FA841C-F7B5-4B36-B53D-5C14E61D89B4}.AppStore|Any CPU.ActiveCfg = Release|Any CPU
		{19FA841C-F7B5-4B36-B53D-5C14E61D89B4}.AppStore|Any CPU.Build.0 = Release|Any CPU
		{19FA841C-F7B5-4B36-B53D-5C14E61D89B4}.AppStore|Any CPU.Deploy.0 = Release|Any CPU
		{19FA841C-F7B5-4B36-B53D-5C14E61D89B4}.AppStore|ARM.ActiveCfg = Release|ARM
		{19FA841C-F7B5-4B36-B53D-5C14E61D89B4}.AppStore|ARM.Build.0 = Release|ARM
		{19FA841C-F7B5-4B36-B53D-5C14E61D89B4}.AppStore|ARM.Deploy.0 = Release|ARM
		{19FA841C-F7B5-4B36-B53D-5C14E61D89B4}.AppStore|iPhone.ActiveCfg = Release|Any CPU
		{19FA841C-F7B5-4B36-B53D-5C14E61D89B4}.AppStore|iPhone.Build.0 = Release|Any CPU
		{19FA841C-F7B5-4B36-B53D-5C14E61D89B4}.AppStore|iPhone.Deploy.0 = Release|Any CPU
		{19FA841C-F7B5-4B36-B53D-5C14E61D89B4}.AppStore|iPhoneSimulator.ActiveCfg = Release|Any CPU
		{19FA841C-F7B5-4B36-B53D-5C14E61D89B4}.AppStore|iPhoneSimulator.Build.0 = Release|Any CPU
		{19FA841C-F7B5-4B36-B53D-5C14E61D89B4}.AppStore|iPhoneSimulator.Deploy.0 = Release|Any CPU
		{19FA841C-F7B5-4B36-B53D-5C14E61D89B4}.AppStore|x64.ActiveCfg = Release|x64
		{19FA841C-F7B5-4B36-B53D-5C14E61D89B4}.AppStore|x64.Build.0 = Release|x64
		{19FA841C-F7B5-4B36-B53D-5C14E61D89B4}.AppStore|x64.Deploy.0 = Release|x64
		{19FA841C-F7B5-4B36-B53D-5C14E61D89B4}.AppStore|x86.ActiveCfg = Release|x86
		{19FA841C-F7B5-4B36-B53D-5C14E61D89B4}.AppStore|x86.Build.0 = Release|x86
		{19FA841C-F7B5-4B36-B53D-5C14E61D89B4}.AppStore|x86.Deploy.0 = Release|x86
		{19FA841C-F7B5-4B36-B53D-5C14E61D89B4}.Debug|Any CPU.ActiveCfg = Debug|Any CPU
		{19FA841C-F7B5-4B36-B53D-5C14E61D89B4}.Debug|Any CPU.Build.0 = Debug|Any CPU
		{19FA841C-F7B5-4B36-B53D-5C14E61D89B4}.Debug|Any CPU.Deploy.0 = Debug|Any CPU
		{19FA841C-F7B5-4B36-B53D-5C14E61D89B4}.Debug|ARM.ActiveCfg = Debug|ARM
		{19FA841C-F7B5-4B36-B53D-5C14E61D89B4}.Debug|ARM.Build.0 = Debug|ARM
		{19FA841C-F7B5-4B36-B53D-5C14E61D89B4}.Debug|ARM.Deploy.0 = Debug|ARM
		{19FA841C-F7B5-4B36-B53D-5C14E61D89B4}.Debug|iPhone.ActiveCfg = Debug|Any CPU
		{19FA841C-F7B5-4B36-B53D-5C14E61D89B4}.Debug|iPhone.Build.0 = Debug|Any CPU
		{19FA841C-F7B5-4B36-B53D-5C14E61D89B4}.Debug|iPhone.Deploy.0 = Debug|Any CPU
		{19FA841C-F7B5-4B36-B53D-5C14E61D89B4}.Debug|iPhoneSimulator.ActiveCfg = Debug|Any CPU
		{19FA841C-F7B5-4B36-B53D-5C14E61D89B4}.Debug|iPhoneSimulator.Build.0 = Debug|Any CPU
		{19FA841C-F7B5-4B36-B53D-5C14E61D89B4}.Debug|iPhoneSimulator.Deploy.0 = Debug|Any CPU
		{19FA841C-F7B5-4B36-B53D-5C14E61D89B4}.Debug|x64.ActiveCfg = Debug|x64
		{19FA841C-F7B5-4B36-B53D-5C14E61D89B4}.Debug|x64.Build.0 = Debug|x64
		{19FA841C-F7B5-4B36-B53D-5C14E61D89B4}.Debug|x64.Deploy.0 = Debug|x64
		{19FA841C-F7B5-4B36-B53D-5C14E61D89B4}.Debug|x86.ActiveCfg = Debug|x86
		{19FA841C-F7B5-4B36-B53D-5C14E61D89B4}.Debug|x86.Build.0 = Debug|x86
		{19FA841C-F7B5-4B36-B53D-5C14E61D89B4}.Debug|x86.Deploy.0 = Debug|x86
		{19FA841C-F7B5-4B36-B53D-5C14E61D89B4}.Release|Any CPU.ActiveCfg = Release|Any CPU
		{19FA841C-F7B5-4B36-B53D-5C14E61D89B4}.Release|Any CPU.Build.0 = Release|Any CPU
		{19FA841C-F7B5-4B36-B53D-5C14E61D89B4}.Release|Any CPU.Deploy.0 = Release|Any CPU
		{19FA841C-F7B5-4B36-B53D-5C14E61D89B4}.Release|ARM.ActiveCfg = Release|ARM
		{19FA841C-F7B5-4B36-B53D-5C14E61D89B4}.Release|ARM.Build.0 = Release|ARM
		{19FA841C-F7B5-4B36-B53D-5C14E61D89B4}.Release|ARM.Deploy.0 = Release|ARM
		{19FA841C-F7B5-4B36-B53D-5C14E61D89B4}.Release|iPhone.ActiveCfg = Release|Any CPU
		{19FA841C-F7B5-4B36-B53D-5C14E61D89B4}.Release|iPhone.Build.0 = Release|Any CPU
		{19FA841C-F7B5-4B36-B53D-5C14E61D89B4}.Release|iPhone.Deploy.0 = Release|Any CPU
		{19FA841C-F7B5-4B36-B53D-5C14E61D89B4}.Release|iPhoneSimulator.ActiveCfg = Release|Any CPU
		{19FA841C-F7B5-4B36-B53D-5C14E61D89B4}.Release|iPhoneSimulator.Build.0 = Release|Any CPU
		{19FA841C-F7B5-4B36-B53D-5C14E61D89B4}.Release|iPhoneSimulator.Deploy.0 = Release|Any CPU
		{19FA841C-F7B5-4B36-B53D-5C14E61D89B4}.Release|x64.ActiveCfg = Release|x64
		{19FA841C-F7B5-4B36-B53D-5C14E61D89B4}.Release|x64.Build.0 = Release|x64
		{19FA841C-F7B5-4B36-B53D-5C14E61D89B4}.Release|x64.Deploy.0 = Release|x64
		{19FA841C-F7B5-4B36-B53D-5C14E61D89B4}.Release|x86.ActiveCfg = Release|x86
		{19FA841C-F7B5-4B36-B53D-5C14E61D89B4}.Release|x86.Build.0 = Release|x86
		{19FA841C-F7B5-4B36-B53D-5C14E61D89B4}.Release|x86.Deploy.0 = Release|x86
	EndGlobalSection
	GlobalSection(SolutionProperties) = preSolution
		HideSolutionNode = FALSE
	EndGlobalSection
EndGlobal
